{
  "object": {
    "pins": [
      {
        "package": "ByteKit",
        "repositoryURL": "https://github.com/coniferprod/ByteKit",
        "state": {
          "branch": null,
          "revision": "55ad47ae133f9d63198d1d349ff68eedde9c4bff",
          "version": "0.4.0"
        }
      },
      {
        "package": "SyxPack",
        "repositoryURL": "https://github.com/coniferprod/SyxPack",
        "state": {
          "branch": null,
          "revision": "4fcd33aaa14ed72a92924b825b03a6047710e5dc",
          "version": "0.10.0"
        }
      }
    ]
  },
  "version": 1
}
