{
  "object": {
    "pins": [
      {
        "package": "SyxPack",
        "repositoryURL": "https://github.com/coniferprod/SyxPack",
        "state": {
          "branch": null,
          "revision": "00d710e353f6e76cc6ee6e7f695df9057ce1064c",
          "version": "0.9.0"
        }
      }
    ]
  },
  "version": 1
}
